dependencies:
  espressif/mdns:
    component_hash: 810ec139689ae93bf42520d05de4855fbb68f7140ef67797d91d8d61829589cb
    source:
      service_url: https://api.components.espressif.com/
      type: service
    version: 1.2.2
  idf:
    component_hash: null
    source:
      type: idf
    version: 5.1.2
manifest_hash: 0583cf29dd5f85ea5aace6a167efc5414f1df6b294878879f29a7e0fc56ec6d1
target: esp32s3
version: 1.0.0
