dependencies:
  espressif/mdns:
    component_hash: 090826401d30f756037f91d91068f470ba8d0ef04fe507d3aa8761305cecd7ca
    source:
      service_url: https://api.components.espressif.com/
      type: service
    version: 1.2.3
  idf:
    component_hash: null
    source:
      type: idf
    version: 5.1.2
manifest_hash: 0583cf29dd5f85ea5aace6a167efc5414f1df6b294878879f29a7e0fc56ec6d1
target: esp32s3
version: 1.0.0
